
Microsoft Visual Studio Solution File, Format Version 12.00
# Visual Studio 2012
Project("{FAE04EC0-301F-11D3-BF4B-00C04F79EFBC}") = "MvvvmCrossTableTest.Core", "MvvvmCrossTableTest.Core\MvvvmCrossTableTest.Core.csproj", "{0666D373-3B66-485F-8A2E-B118793A5200}"
EndProject
Project("{FAE04EC0-301F-11D3-BF4B-00C04F79EFBC}") = "MvvvmCrossTableTest.Touch", "MvvvmCrossTableTest.Touch\MvvvmCrossTableTest.Touch.csproj", "{29E79D78-95D3-4F24-B590-58F7C1AB8FB9}"
EndProject
Global
	GlobalSection(SolutionConfigurationPlatforms) = preSolution
		Debug|Any CPU = Debug|Any CPU
		Release|Any CPU = Release|Any CPU
		Debug|iPhoneSimulator = Debug|iPhoneSimulator
		Release|iPhone = Release|iPhone
		Release|iPhoneSimulator = Release|iPhoneSimulator
		Debug|iPhone = Debug|iPhone
	EndGlobalSection
	GlobalSection(ProjectConfigurationPlatforms) = postSolution
		{0666D373-3B66-485F-8A2E-B118793A5200}.Debug|Any CPU.ActiveCfg = Debug|Any CPU
		{0666D373-3B66-485F-8A2E-B118793A5200}.Debug|Any CPU.Build.0 = Debug|Any CPU
		{0666D373-3B66-485F-8A2E-B118793A5200}.Release|Any CPU.ActiveCfg = Release|Any CPU
		{0666D373-3B66-485F-8A2E-B118793A5200}.Release|Any CPU.Build.0 = Release|Any CPU
		{0666D373-3B66-485F-8A2E-B118793A5200}.Debug|iPhoneSimulator.ActiveCfg = Debug|Any CPU
		{0666D373-3B66-485F-8A2E-B118793A5200}.Debug|iPhoneSimulator.Build.0 = Debug|Any CPU
		{0666D373-3B66-485F-8A2E-B118793A5200}.Release|iPhone.ActiveCfg = Release|Any CPU
		{0666D373-3B66-485F-8A2E-B118793A5200}.Release|iPhone.Build.0 = Release|Any CPU
		{0666D373-3B66-485F-8A2E-B118793A5200}.Release|iPhoneSimulator.ActiveCfg = Release|Any CPU
		{0666D373-3B66-485F-8A2E-B118793A5200}.Release|iPhoneSimulator.Build.0 = Release|Any CPU
		{0666D373-3B66-485F-8A2E-B118793A5200}.Debug|iPhone.ActiveCfg = Debug|Any CPU
		{0666D373-3B66-485F-8A2E-B118793A5200}.Debug|iPhone.Build.0 = Debug|Any CPU
		{29E79D78-95D3-4F24-B590-58F7C1AB8FB9}.Debug|Any CPU.ActiveCfg = Debug|iPhoneSimulator
		{29E79D78-95D3-4F24-B590-58F7C1AB8FB9}.Debug|Any CPU.Build.0 = Debug|iPhoneSimulator
		{29E79D78-95D3-4F24-B590-58F7C1AB8FB9}.Release|Any CPU.ActiveCfg = Release|iPhone
		{29E79D78-95D3-4F24-B590-58F7C1AB8FB9}.Release|Any CPU.Build.0 = Release|iPhone
		{29E79D78-95D3-4F24-B590-58F7C1AB8FB9}.Debug|iPhoneSimulator.ActiveCfg = Debug|iPhoneSimulator
		{29E79D78-95D3-4F24-B590-58F7C1AB8FB9}.Debug|iPhoneSimulator.Build.0 = Debug|iPhoneSimulator
		{29E79D78-95D3-4F24-B590-58F7C1AB8FB9}.Release|iPhone.ActiveCfg = Release|iPhone
		{29E79D78-95D3-4F24-B590-58F7C1AB8FB9}.Release|iPhone.Build.0 = Release|iPhone
		{29E79D78-95D3-4F24-B590-58F7C1AB8FB9}.Release|iPhoneSimulator.ActiveCfg = Release|iPhoneSimulator
		{29E79D78-95D3-4F24-B590-58F7C1AB8FB9}.Release|iPhoneSimulator.Build.0 = Release|iPhoneSimulator
		{29E79D78-95D3-4F24-B590-58F7C1AB8FB9}.Debug|iPhone.ActiveCfg = Debug|iPhone
		{29E79D78-95D3-4F24-B590-58F7C1AB8FB9}.Debug|iPhone.Build.0 = Debug|iPhone
	EndGlobalSection
EndGlobal
